
Microsoft Visual Studio Solution File, Format Version 12.00
# Visual Studio 14
VisualStudioVersion = 14.0.23107.0
MinimumVisualStudioVersion = 10.0.40219.1
Project("{8BC9CEB8-8B4A-11D0-8D11-00A0C91BC942}") = "第四周实验题", "第四周实验题\第四周实验题.vcxproj", "{EA8D5387-467C-40B7-8E88-05D544E3DB4D}"
EndProject
Global
	GlobalSection(SolutionConfigurationPlatforms) = preSolution
		Debug|x64 = Debug|x64
		Debug|x86 = Debug|x86
		Release|x64 = Release|x64
		Release|x86 = Release|x86
	EndGlobalSection
	GlobalSection(ProjectConfigurationPlatforms) = postSolution
		{EA8D5387-467C-40B7-8E88-05D544E3DB4D}.Debug|x64.ActiveCfg = Debug|x64
		{EA8D5387-467C-40B7-8E88-05D544E3DB4D}.Debug|x64.Build.0 = Debug|x64
		{EA8D5387-467C-40B7-8E88-05D544E3DB4D}.Debug|x86.ActiveCfg = Debug|Win32
		{EA8D5387-467C-40B7-8E88-05D544E3DB4D}.Debug|x86.Build.0 = Debug|Win32
		{EA8D5387-467C-40B7-8E88-05D544E3DB4D}.Release|x64.ActiveCfg = Release|x64
		{EA8D5387-467C-40B7-8E88-05D544E3DB4D}.Release|x64.Build.0 = Release|x64
		{EA8D5387-467C-40B7-8E88-05D544E3DB4D}.Release|x86.ActiveCfg = Release|Win32
		{EA8D5387-467C-40B7-8E88-05D544E3DB4D}.Release|x86.Build.0 = Release|Win32
	EndGlobalSection
	GlobalSection(SolutionProperties) = preSolution
		HideSolutionNode = FALSE
	EndGlobalSection
EndGlobal
